
Microsoft Visual Studio Solution File, Format Version 12.00
# Visual Studio 15
VisualStudioVersion = 15.0.28010.2016
MinimumVisualStudioVersion = 10.0.40219.1
Project("{FAE04EC0-301F-11D3-BF4B-00C04F79EFBC}") = "BinarySearch", "BinarySearch\BinarySearch.csproj", "{FC6B4E62-2D51-4381-8EE4-21EB0F46832A}"
EndProject
Global
	GlobalSection(SolutionConfigurationPlatforms) = preSolution
		Debug|Any CPU = Debug|Any CPU
		Release|Any CPU = Release|Any CPU
	EndGlobalSection
	GlobalSection(ProjectConfigurationPlatforms) = postSolution
		{FC6B4E62-2D51-4381-8EE4-21EB0F46832A}.Debug|Any CPU.ActiveCfg = Debug|Any CPU
		{FC6B4E62-2D51-4381-8EE4-21EB0F46832A}.Debug|Any CPU.Build.0 = Debug|Any CPU
		{FC6B4E62-2D51-4381-8EE4-21EB0F46832A}.Release|Any CPU.ActiveCfg = Release|Any CPU
		{FC6B4E62-2D51-4381-8EE4-21EB0F46832A}.Release|Any CPU.Build.0 = Release|Any CPU
	EndGlobalSection
	GlobalSection(SolutionProperties) = preSolution
		HideSolutionNode = FALSE
	EndGlobalSection
	GlobalSection(ExtensibilityGlobals) = postSolution
		SolutionGuid = {D5D15773-D0A9-4007-B731-2E590ED1490B}
	EndGlobalSection
EndGlobal
